
Microsoft Visual Studio Solution File, Format Version 12.00
# Visual Studio Version 16
VisualStudioVersion = 16.0.31729.503
MinimumVisualStudioVersion = 10.0.40219.1
Project("{FAE04EC0-301F-11D3-BF4B-00C04F79EFBC}") = "MarketPlace.Domain.Entites", "MarketPlace.Domain.Entites\MarketPlace.Domain.Entites.csproj", "{379CC6A8-7D17-4A24-B558-C1F4C8ECE49B}"
EndProject
Project("{FAE04EC0-301F-11D3-BF4B-00C04F79EFBC}") = "MarketPlace.Domain.Services", "MarketPlace.Domain.Services\MarketPlace.Domain.Services.csproj", "{71EEB9FB-B8C9-41C5-A9F0-2D59986209B5}"
EndProject
Project("{FAE04EC0-301F-11D3-BF4B-00C04F79EFBC}") = "MarketPlace.DAL.EF", "MarketPlace.DAL.EF\MarketPlace.DAL.EF.csproj", "{ECB38E73-A148-481C-93EA-031DA511BBC5}"
EndProject
Project("{FAE04EC0-301F-11D3-BF4B-00C04F79EFBC}") = "MarketPlace.Web.UI", "MarketPlace.Web.UI\MarketPlace.Web.UI.csproj", "{B2341F5B-D303-42D1-AFF7-3485AD0F4558}"
EndProject
Global
	GlobalSection(SolutionConfigurationPlatforms) = preSolution
		Debug|Any CPU = Debug|Any CPU
		Release|Any CPU = Release|Any CPU
	EndGlobalSection
	GlobalSection(ProjectConfigurationPlatforms) = postSolution
		{379CC6A8-7D17-4A24-B558-C1F4C8ECE49B}.Debug|Any CPU.ActiveCfg = Debug|Any CPU
		{379CC6A8-7D17-4A24-B558-C1F4C8ECE49B}.Debug|Any CPU.Build.0 = Debug|Any CPU
		{379CC6A8-7D17-4A24-B558-C1F4C8ECE49B}.Release|Any CPU.ActiveCfg = Release|Any CPU
		{379CC6A8-7D17-4A24-B558-C1F4C8ECE49B}.Release|Any CPU.Build.0 = Release|Any CPU
		{71EEB9FB-B8C9-41C5-A9F0-2D59986209B5}.Debug|Any CPU.ActiveCfg = Debug|Any CPU
		{71EEB9FB-B8C9-41C5-A9F0-2D59986209B5}.Debug|Any CPU.Build.0 = Debug|Any CPU
		{71EEB9FB-B8C9-41C5-A9F0-2D59986209B5}.Release|Any CPU.ActiveCfg = Release|Any CPU
		{71EEB9FB-B8C9-41C5-A9F0-2D59986209B5}.Release|Any CPU.Build.0 = Release|Any CPU
		{ECB38E73-A148-481C-93EA-031DA511BBC5}.Debug|Any CPU.ActiveCfg = Debug|Any CPU
		{ECB38E73-A148-481C-93EA-031DA511BBC5}.Debug|Any CPU.Build.0 = Debug|Any CPU
		{ECB38E73-A148-481C-93EA-031DA511BBC5}.Release|Any CPU.ActiveCfg = Release|Any CPU
		{ECB38E73-A148-481C-93EA-031DA511BBC5}.Release|Any CPU.Build.0 = Release|Any CPU
		{B2341F5B-D303-42D1-AFF7-3485AD0F4558}.Debug|Any CPU.ActiveCfg = Debug|Any CPU
		{B2341F5B-D303-42D1-AFF7-3485AD0F4558}.Debug|Any CPU.Build.0 = Debug|Any CPU
		{B2341F5B-D303-42D1-AFF7-3485AD0F4558}.Release|Any CPU.ActiveCfg = Release|Any CPU
		{B2341F5B-D303-42D1-AFF7-3485AD0F4558}.Release|Any CPU.Build.0 = Release|Any CPU
	EndGlobalSection
	GlobalSection(SolutionProperties) = preSolution
		HideSolutionNode = FALSE
	EndGlobalSection
	GlobalSection(ExtensibilityGlobals) = postSolution
		SolutionGuid = {88D73C42-B65C-4426-B0EA-7BDB75EB8E85}
	EndGlobalSection
EndGlobal
